
Microsoft Visual Studio Solution File, Format Version 12.00
# Visual Studio 14
VisualStudioVersion = 14.0.23107.0
MinimumVisualStudioVersion = 10.0.40219.1
Project("{FAE04EC0-301F-11D3-BF4B-00C04F79EFBC}") = "Panic", "Panic\Panic.csproj", "{801878FF-164F-483F-A7D2-6BCA14AC2F36}"
EndProject
Project("{FAE04EC0-301F-11D3-BF4B-00C04F79EFBC}") = "tests", "tests\tests.csproj", "{E71BB691-254E-47F1-9C0C-8214EAA8D655}"
EndProject
Global
	GlobalSection(SolutionConfigurationPlatforms) = preSolution
		Debug|Any CPU = Debug|Any CPU
		Release|Any CPU = Release|Any CPU
	EndGlobalSection
	GlobalSection(ProjectConfigurationPlatforms) = postSolution
		{801878FF-164F-483F-A7D2-6BCA14AC2F36}.Debug|Any CPU.ActiveCfg = Debug|Any CPU
		{801878FF-164F-483F-A7D2-6BCA14AC2F36}.Debug|Any CPU.Build.0 = Debug|Any CPU
		{801878FF-164F-483F-A7D2-6BCA14AC2F36}.Release|Any CPU.ActiveCfg = Release|Any CPU
		{801878FF-164F-483F-A7D2-6BCA14AC2F36}.Release|Any CPU.Build.0 = Release|Any CPU
		{E71BB691-254E-47F1-9C0C-8214EAA8D655}.Debug|Any CPU.ActiveCfg = Debug|Any CPU
		{E71BB691-254E-47F1-9C0C-8214EAA8D655}.Debug|Any CPU.Build.0 = Debug|Any CPU
		{E71BB691-254E-47F1-9C0C-8214EAA8D655}.Release|Any CPU.ActiveCfg = Release|Any CPU
		{E71BB691-254E-47F1-9C0C-8214EAA8D655}.Release|Any CPU.Build.0 = Release|Any CPU
	EndGlobalSection
	GlobalSection(SolutionProperties) = preSolution
		HideSolutionNode = FALSE
	EndGlobalSection
EndGlobal
